Microsoft Visual Studio Solution File, Format Version 12.00
# Visual Studio 15
VisualStudioVersion = 15.0.26730.12
MinimumVisualStudioVersion = 10.0.40219.1
Project("{2150E333-8FDC-42A3-9474-1A3956D46DE8}") = "Solution Items", "Solution Items", "{C8E6DF46-F159-9665-93CF-9E310BF8C3F2}"
	ProjectSection(SolutionItems) = preProject
		CHANGELOG.md = CHANGELOG.md
		Db_Setup.sql = Db_Setup.sql
		nuget.config = nuget.config
		README.md = README.md
	EndProjectSection
	ProjectSection(FolderGlobals) = preProject
		global_1json__JSONSchema = http://json.schemastore.org/global
	EndProjectSection
EndProject
Project("{2150E333-8FDC-42A3-9474-1A3956D46DE8}") = "src", "src", "{033E65EE-3163-30E9-40A6-1FAC4F4B95D4}"
EndProject
Project("{2150E333-8FDC-42A3-9474-1A3956D46DE8}") = "test", "test", "{3925DE3C-1C3B-7D99-6A56-88F6B2497468}"
EndProject
Project("{9A19103F-16F7-4668-BE54-9A1E7A4F7556}") = "Digipolis.Extensions.Caching.PostgreSql.Tests", "test\Digipolis.Extensions.Caching.Postgres.UnitTests\Digipolis.Extensions.Caching.PostgreSql.Tests.csproj", "{C92E290E-0F2E-1738-BC55-B323C2CCCA73}"
EndProject
Project("{9A19103F-16F7-4668-BE54-9A1E7A4F7556}") = "Digipolis.Extensions.Caching.PostgreSql", "src\Digipolis.Extensions.Caching.PostgreSql\Digipolis.Extensions.Caching.PostgreSql.csproj", "{2892B0C6-3811-4BBB-88EB-9C5722278E1C}"
EndProject
Global
	GlobalSection(SolutionConfigurationPlatforms) = preSolution
		Debug|Any CPU = Debug|Any CPU
		Release|Any CPU = Release|Any CPU
	EndGlobalSection
	GlobalSection(ProjectConfigurationPlatforms) = postSolution
		{C92E290E-0F2E-1738-BC55-B323C2CCCA73}.Debug|Any CPU.ActiveCfg = Debug|Any CPU
		{C92E290E-0F2E-1738-BC55-B323C2CCCA73}.Debug|Any CPU.Build.0 = Debug|Any CPU
		{C92E290E-0F2E-1738-BC55-B323C2CCCA73}.Release|Any CPU.ActiveCfg = Release|Any CPU
		{C92E290E-0F2E-1738-BC55-B323C2CCCA73}.Release|Any CPU.Build.0 = Release|Any CPU
		{2892B0C6-3811-4BBB-88EB-9C5722278E1C}.Debug|Any CPU.ActiveCfg = Debug|Any CPU
		{2892B0C6-3811-4BBB-88EB-9C5722278E1C}.Debug|Any CPU.Build.0 = Debug|Any CPU
		{2892B0C6-3811-4BBB-88EB-9C5722278E1C}.Release|Any CPU.ActiveCfg = Release|Any CPU
		{2892B0C6-3811-4BBB-88EB-9C5722278E1C}.Release|Any CPU.Build.0 = Release|Any CPU
	EndGlobalSection
	GlobalSection(SolutionProperties) = preSolution
		HideSolutionNode = FALSE
	EndGlobalSection
	GlobalSection(NestedProjects) = preSolution
		{C92E290E-0F2E-1738-BC55-B323C2CCCA73} = {3925DE3C-1C3B-7D99-6A56-88F6B2497468}
		{2892B0C6-3811-4BBB-88EB-9C5722278E1C} = {033E65EE-3163-30E9-40A6-1FAC4F4B95D4}
	EndGlobalSection
	GlobalSection(ExtensibilityGlobals) = postSolution
		SolutionGuid = {8A5E68B2-1C43-4249-896B-C82D1D3140EB}
	EndGlobalSection
EndGlobal
